Microsoft Visual Studio Solution File, Format Version 12.00
# Visual Studio 15
VisualStudioVersion = 15.0.26403.7
MinimumVisualStudioVersion = 10.0.40219.1
Project("{8BC9CEB8-8B4A-11D0-8D11-00A0C91BC942}") = "ER-StaticAnalysis", "ER-StaticAnalysis\ER-StaticAnalysis.vcxproj", "{CADFB9D3-CC5A-4894-A4D1-7A295EAA1016}"
	ProjectSection(ProjectDependencies) = postProject
		{152CE948-F659-4206-A50A-1D2B9658EF96} = {152CE948-F659-4206-A50A-1D2B9658EF96}
		{C9715574-DC15-43AC-AA58-4405FC15A438} = {C9715574-DC15-43AC-AA58-4405FC15A438}
	EndProjectSection
EndProject
Project("{8BC9CEB8-8B4A-11D0-8D11-00A0C91BC942}") = "simplexlsx", "library\SimpleXmlWriter\simplexlsx\simplexlsx.vcxproj", "{C9715574-DC15-43AC-AA58-4405FC15A438}"
EndProject
Project("{8BC9CEB8-8B4A-11D0-8D11-00A0C91BC942}") = "XercesLib", "library\xerces-c\projects\Win32\VC12\xerces-all\XercesLib\XercesLib.vcxproj", "{152CE948-F659-4206-A50A-1D2B9658EF96}"
EndProject
Project("{8BC9CEB8-8B4A-11D0-8D11-00A0C91BC942}") = "libhunspell", "library\libhunspell\src\win_api\libhunspell.vcxproj", "{53609BB3-D874-465C-AF7B-DF626DB0D89B}"
EndProject
Global
	GlobalSection(SolutionConfigurationPlatforms) = preSolution
		Debug_dll|Any CPU = Debug_dll|Any CPU
		Debug_dll|Mixed Platforms = Debug_dll|Mixed Platforms
		Debug_dll|Win32 = Debug_dll|Win32
		Debug_dll|x64 = Debug_dll|x64
		Debug|Any CPU = Debug|Any CPU
		Debug|Mixed Platforms = Debug|Mixed Platforms
		Debug|Win32 = Debug|Win32
		Debug|x64 = Debug|x64
		ICU Debug|Any CPU = ICU Debug|Any CPU
		ICU Debug|Mixed Platforms = ICU Debug|Mixed Platforms
		ICU Debug|Win32 = ICU Debug|Win32
		ICU Debug|x64 = ICU Debug|x64
		ICU Release|Any CPU = ICU Release|Any CPU
		ICU Release|Mixed Platforms = ICU Release|Mixed Platforms
		ICU Release|Win32 = ICU Release|Win32
		ICU Release|x64 = ICU Release|x64
		Release_dll|Any CPU = Release_dll|Any CPU
		Release_dll|Mixed Platforms = Release_dll|Mixed Platforms
		Release_dll|Win32 = Release_dll|Win32
		Release_dll|x64 = Release_dll|x64
		Release|Any CPU = Release|Any CPU
		Release|Mixed Platforms = Release|Mixed Platforms
		Release|Win32 = Release|Win32
		Release|x64 = Release|x64
		Static Debug|Any CPU = Static Debug|Any CPU
		Static Debug|Mixed Platforms = Static Debug|Mixed Platforms
		Static Debug|Win32 = Static Debug|Win32
		Static Debug|x64 = Static Debug|x64
		Static Release|Any CPU = Static Release|Any CPU
		Static Release|Mixed Platforms = Static Release|Mixed Platforms
		Static Release|Win32 = Static Release|Win32
		Static Release|x64 = Static Release|x64
		UnitTest|Any CPU = UnitTest|Any CPU
		UnitTest|Mixed Platforms = UnitTest|Mixed Platforms
		UnitTest|Win32 = UnitTest|Win32
		UnitTest|x64 = UnitTest|x64
	EndGlobalSection
	GlobalSection(ProjectConfigurationPlatforms) = postSolution
		{CADFB9D3-CC5A-4894-A4D1-7A295EAA1016}.Debug_dll|Any CPU.ActiveCfg = Debug|Win32
		{CADFB9D3-CC5A-4894-A4D1-7A295EAA1016}.Debug_dll|Mixed Platforms.ActiveCfg = Debug|Win32
		{CADFB9D3-CC5A-4894-A4D1-7A295EAA1016}.Debug_dll|Mixed Platforms.Build.0 = Debug|Win32
		{CADFB9D3-CC5A-4894-A4D1-7A295EAA1016}.Debug_dll|Win32.ActiveCfg = Debug|Win32
		{CADFB9D3-CC5A-4894-A4D1-7A295EAA1016}.Debug_dll|Win32.Build.0 = Debug|Win32
		{CADFB9D3-CC5A-4894-A4D1-7A295EAA1016}.Debug_dll|x64.ActiveCfg = Debug|Win32
		{CADFB9D3-CC5A-4894-A4D1-7A295EAA1016}.Debug|Any CPU.ActiveCfg = Debug|Win32
		{CADFB9D3-CC5A-4894-A4D1-7A295EAA1016}.Debug|Any CPU.Build.0 = Debug|Win32
		{CADFB9D3-CC5A-4894-A4D1-7A295EAA1016}.Debug|Mixed Platforms.ActiveCfg = Debug|Win32
		{CADFB9D3-CC5A-4894-A4D1-7A295EAA1016}.Debug|Mixed Platforms.Build.0 = Debug|Win32
		{CADFB9D3-CC5A-4894-A4D1-7A295EAA1016}.Debug|Win32.ActiveCfg = Debug|Win32
		{CADFB9D3-CC5A-4894-A4D1-7A295EAA1016}.Debug|Win32.Build.0 = Debug|Win32
		{CADFB9D3-CC5A-4894-A4D1-7A295EAA1016}.Debug|x64.ActiveCfg = Debug|Win32
		{CADFB9D3-CC5A-4894-A4D1-7A295EAA1016}.Debug|x64.Build.0 = Debug|Win32
		{CADFB9D3-CC5A-4894-A4D1-7A295EAA1016}.ICU Debug|Any CPU.ActiveCfg = Debug|Win32
		{CADFB9D3-CC5A-4894-A4D1-7A295EAA1016}.ICU Debug|Mixed Platforms.ActiveCfg = Debug|Win32
		{CADFB9D3-CC5A-4894-A4D1-7A295EAA1016}.ICU Debug|Mixed Platforms.Build.0 = Debug|Win32
		{CADFB9D3-CC5A-4894-A4D1-7A295EAA1016}.ICU Debug|Win32.ActiveCfg = Debug|Win32
		{CADFB9D3-CC5A-4894-A4D1-7A295EAA1016}.ICU Debug|Win32.Build.0 = Debug|Win32
		{CADFB9D3-CC5A-4894-A4D1-7A295EAA1016}.ICU Debug|x64.ActiveCfg = Debug|Win32
		{CADFB9D3-CC5A-4894-A4D1-7A295EAA1016}.ICU Release|Any CPU.ActiveCfg = Release|Win32
		{CADFB9D3-CC5A-4894-A4D1-7A295EAA1016}.ICU Release|Mixed Platforms.ActiveCfg = Release|Win32
		{CADFB9D3-CC5A-4894-A4D1-7A295EAA1016}.ICU Release|Mixed Platforms.Build.0 = Release|Win32
		{CADFB9D3-CC5A-4894-A4D1-7A295EAA1016}.ICU Release|Win32.ActiveCfg = Release|Win32
		{CADFB9D3-CC5A-4894-A4D1-7A295EAA1016}.ICU Release|Win32.Build.0 = Release|Win32
		{CADFB9D3-CC5A-4894-A4D1-7A295EAA1016}.ICU Release|x64.ActiveCfg = Release|Win32
		{CADFB9D3-CC5A-4894-A4D1-7A295EAA1016}.Release_dll|Any CPU.ActiveCfg = Release|Win32
		{CADFB9D3-CC5A-4894-A4D1-7A295EAA1016}.Release_dll|Mixed Platforms.ActiveCfg = Release|Win32
		{CADFB9D3-CC5A-4894-A4D1-7A295EAA1016}.Release_dll|Mixed Platforms.Build.0 = Release|Win32
		{CADFB9D3-CC5A-4894-A4D1-7A295EAA1016}.Release_dll|Win32.ActiveCfg = Release|Win32
		{CADFB9D3-CC5A-4894-A4D1-7A295EAA1016}.Release_dll|Win32.Build.0 = Release|Win32
		{CADFB9D3-CC5A-4894-A4D1-7A295EAA1016}.Release_dll|x64.ActiveCfg = Release|Win32
		{CADFB9D3-CC5A-4894-A4D1-7A295EAA1016}.Release|Any CPU.ActiveCfg = Release|Win32
		{CADFB9D3-CC5A-4894-A4D1-7A295EAA1016}.Release|Any CPU.Build.0 = Release|Win32
		{CADFB9D3-CC5A-4894-A4D1-7A295EAA1016}.Release|Mixed Platforms.ActiveCfg = Release|Win32
		{CADFB9D3-CC5A-4894-A4D1-7A295EAA1016}.Release|Mixed Platforms.Build.0 = Release|Win32
		{CADFB9D3-CC5A-4894-A4D1-7A295EAA1016}.Release|Win32.ActiveCfg = Release|Win32
		{CADFB9D3-CC5A-4894-A4D1-7A295EAA1016}.Release|Win32.Build.0 = Release|Win32
		{CADFB9D3-CC5A-4894-A4D1-7A295EAA1016}.Release|x64.ActiveCfg = Release|Win32
		{CADFB9D3-CC5A-4894-A4D1-7A295EAA1016}.Static Debug|Any CPU.ActiveCfg = Debug|Win32
		{CADFB9D3-CC5A-4894-A4D1-7A295EAA1016}.Static Debug|Mixed Platforms.ActiveCfg = Debug|Win32
		{CADFB9D3-CC5A-4894-A4D1-7A295EAA1016}.Static Debug|Mixed Platforms.Build.0 = Debug|Win32
		{CADFB9D3-CC5A-4894-A4D1-7A295EAA1016}.Static Debug|Win32.ActiveCfg = Debug|Win32
		{CADFB9D3-CC5A-4894-A4D1-7A295EAA1016}.Static Debug|Win32.Build.0 = Debug|Win32
		{CADFB9D3-CC5A-4894-A4D1-7A295EAA1016}.Static Debug|x64.ActiveCfg = Debug|Win32
		{CADFB9D3-CC5A-4894-A4D1-7A295EAA1016}.Static Release|Any CPU.ActiveCfg = Release|Win32
		{CADFB9D3-CC5A-4894-A4D1-7A295EAA1016}.Static Release|Mixed Platforms.ActiveCfg = Release|Win32
		{CADFB9D3-CC5A-4894-A4D1-7A295EAA1016}.Static Release|Mixed Platforms.Build.0 = Release|Win32
		{CADFB9D3-CC5A-4894-A4D1-7A295EAA1016}.Static Release|Win32.ActiveCfg = Release|Win32
		{CADFB9D3-CC5A-4894-A4D1-7A295EAA1016}.Static Release|Win32.Build.0 = Release|Win32
		{CADFB9D3-CC5A-4894-A4D1-7A295EAA1016}.Static Release|x64.ActiveCfg = Release|Win32
		{CADFB9D3-CC5A-4894-A4D1-7A295EAA1016}.UnitTest|Any CPU.ActiveCfg = UnitTest|Win32
		{CADFB9D3-CC5A-4894-A4D1-7A295EAA1016}.UnitTest|Mixed Platforms.ActiveCfg = UnitTest|Win32
		{CADFB9D3-CC5A-4894-A4D1-7A295EAA1016}.UnitTest|Mixed Platforms.Build.0 = UnitTest|Win32
		{CADFB9D3-CC5A-4894-A4D1-7A295EAA1016}.UnitTest|Win32.ActiveCfg = UnitTest|Win32
		{CADFB9D3-CC5A-4894-A4D1-7A295EAA1016}.UnitTest|Win32.Build.0 = UnitTest|Win32
		{CADFB9D3-CC5A-4894-A4D1-7A295EAA1016}.UnitTest|x64.ActiveCfg = UnitTest|Win32
		{C9715574-DC15-43AC-AA58-4405FC15A438}.Debug_dll|Any CPU.ActiveCfg = Debug|Win32
		{C9715574-DC15-43AC-AA58-4405FC15A438}.Debug_dll|Mixed Platforms.ActiveCfg = Debug|Win32
		{C9715574-DC15-43AC-AA58-4405FC15A438}.Debug_dll|Mixed Platforms.Build.0 = Debug|Win32
		{C9715574-DC15-43AC-AA58-4405FC15A438}.Debug_dll|Win32.ActiveCfg = Debug|Win32
		{C9715574-DC15-43AC-AA58-4405FC15A438}.Debug_dll|Win32.Build.0 = Debug|Win32
		{C9715574-DC15-43AC-AA58-4405FC15A438}.Debug_dll|x64.ActiveCfg = Debug|Win32
		{C9715574-DC15-43AC-AA58-4405FC15A438}.Debug|Any CPU.ActiveCfg = Debug|Win32
		{C9715574-DC15-43AC-AA58-4405FC15A438}.Debug|Mixed Platforms.ActiveCfg = Debug|Win32
		{C9715574-DC15-43AC-AA58-4405FC15A438}.Debug|Mixed Platforms.Build.0 = Debug|Win32
		{C9715574-DC15-43AC-AA58-4405FC15A438}.Debug|Win32.ActiveCfg = Debug|Win32
		{C9715574-DC15-43AC-AA58-4405FC15A438}.Debug|Win32.Build.0 = Debug|Win32
		{C9715574-DC15-43AC-AA58-4405FC15A438}.Debug|x64.ActiveCfg = Debug|Win32
		{C9715574-DC15-43AC-AA58-4405FC15A438}.ICU Debug|Any CPU.ActiveCfg = Debug|Win32
		{C9715574-DC15-43AC-AA58-4405FC15A438}.ICU Debug|Mixed Platforms.ActiveCfg = Debug|Win32
		{C9715574-DC15-43AC-AA58-4405FC15A438}.ICU Debug|Mixed Platforms.Build.0 = Debug|Win32
		{C9715574-DC15-43AC-AA58-4405FC15A438}.ICU Debug|Win32.ActiveCfg = Debug|Win32
		{C9715574-DC15-43AC-AA58-4405FC15A438}.ICU Debug|Win32.Build.0 = Debug|Win32
		{C9715574-DC15-43AC-AA58-4405FC15A438}.ICU Debug|x64.ActiveCfg = Debug|Win32
		{C9715574-DC15-43AC-AA58-4405FC15A438}.ICU Release|Any CPU.ActiveCfg = Release|Win32
		{C9715574-DC15-43AC-AA58-4405FC15A438}.ICU Release|Mixed Platforms.ActiveCfg = Release|Win32
		{C9715574-DC15-43AC-AA58-4405FC15A438}.ICU Release|Mixed Platforms.Build.0 = Release|Win32
		{C9715574-DC15-43AC-AA58-4405FC15A438}.ICU Release|Win32.ActiveCfg = Release|Win32
		{C9715574-DC15-43AC-AA58-4405FC15A438}.ICU Release|Win32.Build.0 = Release|Win32
		{C9715574-DC15-43AC-AA58-4405FC15A438}.ICU Release|x64.ActiveCfg = Release|Win32
		{C9715574-DC15-43AC-AA58-4405FC15A438}.Release_dll|Any CPU.ActiveCfg = Release|Win32
		{C9715574-DC15-43AC-AA58-4405FC15A438}.Release_dll|Mixed Platforms.ActiveCfg = Release|Win32
		{C9715574-DC15-43AC-AA58-4405FC15A438}.Release_dll|Mixed Platforms.Build.0 = Release|Win32
		{C9715574-DC15-43AC-AA58-4405FC15A438}.Release_dll|Win32.ActiveCfg = Release|Win32
		{C9715574-DC15-43AC-AA58-4405FC15A438}.Release_dll|Win32.Build.0 = Release|Win32
		{C9715574-DC15-43AC-AA58-4405FC15A438}.Release_dll|x64.ActiveCfg = Release|Win32
		{C9715574-DC15-43AC-AA58-4405FC15A438}.Release|Any CPU.ActiveCfg = Release|Win32
		{C9715574-DC15-43AC-AA58-4405FC15A438}.Release|Mixed Platforms.ActiveCfg = Release|Win32
		{C9715574-DC15-43AC-AA58-4405FC15A438}.Release|Mixed Platforms.Build.0 = Release|Win32
		{C9715574-DC15-43AC-AA58-4405FC15A438}.Release|Win32.ActiveCfg = Release|Win32
		{C9715574-DC15-43AC-AA58-4405FC15A438}.Release|Win32.Build.0 = Release|Win32
		{C9715574-DC15-43AC-AA58-4405FC15A438}.Release|x64.ActiveCfg = Release|Win32
		{C9715574-DC15-43AC-AA58-4405FC15A438}.Static Debug|Any CPU.ActiveCfg = Debug|Win32
		{C9715574-DC15-43AC-AA58-4405FC15A438}.Static Debug|Mixed Platforms.ActiveCfg = Debug|Win32
		{C9715574-DC15-43AC-AA58-4405FC15A438}.Static Debug|Mixed Platforms.Build.0 = Debug|Win32
		{C9715574-DC15-43AC-AA58-4405FC15A438}.Static Debug|Win32.ActiveCfg = Debug|Win32
		{C9715574-DC15-43AC-AA58-4405FC15A438}.Static Debug|Win32.Build.0 = Debug|Win32
		{C9715574-DC15-43AC-AA58-4405FC15A438}.Static Debug|x64.ActiveCfg = Debug|Win32
		{C9715574-DC15-43AC-AA58-4405FC15A438}.Static Release|Any CPU.ActiveCfg = Release|Win32
		{C9715574-DC15-43AC-AA58-4405FC15A438}.Static Release|Mixed Platforms.ActiveCfg = Release|Win32
		{C9715574-DC15-43AC-AA58-4405FC15A438}.Static Release|Mixed Platforms.Build.0 = Release|Win32
		{C9715574-DC15-43AC-AA58-4405FC15A438}.Static Release|Win32.ActiveCfg = Release|Win32
		{C9715574-DC15-43AC-AA58-4405FC15A438}.Static Release|Win32.Build.0 = Release|Win32
		{C9715574-DC15-43AC-AA58-4405FC15A438}.Static Release|x64.ActiveCfg = Release|Win32
		{C9715574-DC15-43AC-AA58-4405FC15A438}.UnitTest|Any CPU.ActiveCfg = Release|Win32
		{C9715574-DC15-43AC-AA58-4405FC15A438}.UnitTest|Mixed Platforms.ActiveCfg = Release|Win32
		{C9715574-DC15-43AC-AA58-4405FC15A438}.UnitTest|Mixed Platforms.Build.0 = Release|Win32
		{C9715574-DC15-43AC-AA58-4405FC15A438}.UnitTest|Win32.ActiveCfg = Release|Win32
		{C9715574-DC15-43AC-AA58-4405FC15A438}.UnitTest|Win32.Build.0 = Release|Win32
		{C9715574-DC15-43AC-AA58-4405FC15A438}.UnitTest|x64.ActiveCfg = Release|Win32
		{152CE948-F659-4206-A50A-1D2B9658EF96}.Debug_dll|Any CPU.ActiveCfg = Debug|Win32
		{152CE948-F659-4206-A50A-1D2B9658EF96}.Debug_dll|Mixed Platforms.ActiveCfg = Debug|Win32
		{152CE948-F659-4206-A50A-1D2B9658EF96}.Debug_dll|Mixed Platforms.Build.0 = Debug|Win32
		{152CE948-F659-4206-A50A-1D2B9658EF96}.Debug_dll|Win32.ActiveCfg = Debug|Win32
		{152CE948-F659-4206-A50A-1D2B9658EF96}.Debug_dll|Win32.Build.0 = Debug|Win32
		{152CE948-F659-4206-A50A-1D2B9658EF96}.Debug_dll|x64.ActiveCfg = Debug|x64
		{152CE948-F659-4206-A50A-1D2B9658EF96}.Debug_dll|x64.Build.0 = Debug|x64
		{152CE948-F659-4206-A50A-1D2B9658EF96}.Debug|Any CPU.ActiveCfg = Debug|Win32
		{152CE948-F659-4206-A50A-1D2B9658EF96}.Debug|Mixed Platforms.ActiveCfg = Debug|Win32
		{152CE948-F659-4206-A50A-1D2B9658EF96}.Debug|Mixed Platforms.Build.0 = Debug|Win32
		{152CE948-F659-4206-A50A-1D2B9658EF96}.Debug|Win32.ActiveCfg = Debug|Win32
		{152CE948-F659-4206-A50A-1D2B9658EF96}.Debug|Win32.Build.0 = Debug|Win32
		{152CE948-F659-4206-A50A-1D2B9658EF96}.Debug|x64.ActiveCfg = Debug|x64
		{152CE948-F659-4206-A50A-1D2B9658EF96}.Debug|x64.Build.0 = Debug|x64
		{152CE948-F659-4206-A50A-1D2B9658EF96}.ICU Debug|Any CPU.ActiveCfg = ICU Debug|Win32
		{152CE948-F659-4206-A50A-1D2B9658EF96}.ICU Debug|Mixed Platforms.ActiveCfg = ICU Debug|Win32
		{152CE948-F659-4206-A50A-1D2B9658EF96}.ICU Debug|Mixed Platforms.Build.0 = ICU Debug|Win32
		{152CE948-F659-4206-A50A-1D2B9658EF96}.ICU Debug|Win32.ActiveCfg = ICU Debug|Win32
		{152CE948-F659-4206-A50A-1D2B9658EF96}.ICU Debug|Win32.Build.0 = ICU Debug|Win32
		{152CE948-F659-4206-A50A-1D2B9658EF96}.ICU Debug|x64.ActiveCfg = ICU Debug|x64
		{152CE948-F659-4206-A50A-1D2B9658EF96}.ICU Debug|x64.Build.0 = ICU Debug|x64
		{152CE948-F659-4206-A50A-1D2B9658EF96}.ICU Release|Any CPU.ActiveCfg = ICU Release|Win32
		{152CE948-F659-4206-A50A-1D2B9658EF96}.ICU Release|Mixed Platforms.ActiveCfg = ICU Release|Win32
		{152CE948-F659-4206-A50A-1D2B9658EF96}.ICU Release|Mixed Platforms.Build.0 = ICU Release|Win32
		{152CE948-F659-4206-A50A-1D2B9658EF96}.ICU Release|Win32.ActiveCfg = ICU Release|Win32
		{152CE948-F659-4206-A50A-1D2B9658EF96}.ICU Release|Win32.Build.0 = ICU Release|Win32
		{152CE948-F659-4206-A50A-1D2B9658EF96}.ICU Release|x64.ActiveCfg = ICU Release|x64
		{152CE948-F659-4206-A50A-1D2B9658EF96}.ICU Release|x64.Build.0 = ICU Release|x64
		{152CE948-F659-4206-A50A-1D2B9658EF96}.Release_dll|Any CPU.ActiveCfg = Release|Win32
		{152CE948-F659-4206-A50A-1D2B9658EF96}.Release_dll|Mixed Platforms.ActiveCfg = Release|Win32
		{152CE948-F659-4206-A50A-1D2B9658EF96}.Release_dll|Mixed Platforms.Build.0 = Release|Win32
		{152CE948-F659-4206-A50A-1D2B9658EF96}.Release_dll|Win32.ActiveCfg = Release|Win32
		{152CE948-F659-4206-A50A-1D2B9658EF96}.Release_dll|Win32.Build.0 = Release|Win32
		{152CE948-F659-4206-A50A-1D2B9658EF96}.Release_dll|x64.ActiveCfg = Release|x64
		{152CE948-F659-4206-A50A-1D2B9658EF96}.Release_dll|x64.Build.0 = Release|x64
		{152CE948-F659-4206-A50A-1D2B9658EF96}.Release|Any CPU.ActiveCfg = Release|Win32
		{152CE948-F659-4206-A50A-1D2B9658EF96}.Release|Mixed Platforms.ActiveCfg = Release|Win32
		{152CE948-F659-4206-A50A-1D2B9658EF96}.Release|Mixed Platforms.Build.0 = Release|Win32
		{152CE948-F659-4206-A50A-1D2B9658EF96}.Release|Win32.ActiveCfg = Release|Win32
		{152CE948-F659-4206-A50A-1D2B9658EF96}.Release|Win32.Build.0 = Release|Win32
		{152CE948-F659-4206-A50A-1D2B9658EF96}.Release|x64.ActiveCfg = Release|x64
		{152CE948-F659-4206-A50A-1D2B9658EF96}.Release|x64.Build.0 = Release|x64
		{152CE948-F659-4206-A50A-1D2B9658EF96}.Static Debug|Any CPU.ActiveCfg = Static Debug|Win32
		{152CE948-F659-4206-A50A-1D2B9658EF96}.Static Debug|Mixed Platforms.ActiveCfg = Static Debug|Win32
		{152CE948-F659-4206-A50A-1D2B9658EF96}.Static Debug|Mixed Platforms.Build.0 = Static Debug|Win32
		{152CE948-F659-4206-A50A-1D2B9658EF96}.Static Debug|Win32.ActiveCfg = Static Debug|Win32
		{152CE948-F659-4206-A50A-1D2B9658EF96}.Static Debug|Win32.Build.0 = Static Debug|Win32
		{152CE948-F659-4206-A50A-1D2B9658EF96}.Static Debug|x64.ActiveCfg = Static Debug|x64
		{152CE948-F659-4206-A50A-1D2B9658EF96}.Static Debug|x64.Build.0 = Static Debug|x64
		{152CE948-F659-4206-A50A-1D2B9658EF96}.Static Release|Any CPU.ActiveCfg = Static Release|Win32
		{152CE948-F659-4206-A50A-1D2B9658EF96}.Static Release|Mixed Platforms.ActiveCfg = Static Release|Win32
		{152CE948-F659-4206-A50A-1D2B9658EF96}.Static Release|Mixed Platforms.Build.0 = Static Release|Win32
		{152CE948-F659-4206-A50A-1D2B9658EF96}.Static Release|Win32.ActiveCfg = Static Release|Win32
		{152CE948-F659-4206-A50A-1D2B9658EF96}.Static Release|Win32.Build.0 = Static Release|Win32
		{152CE948-F659-4206-A50A-1D2B9658EF96}.Static Release|x64.ActiveCfg = Static Release|x64
		{152CE948-F659-4206-A50A-1D2B9658EF96}.Static Release|x64.Build.0 = Static Release|x64
		{152CE948-F659-4206-A50A-1D2B9658EF96}.UnitTest|Any CPU.ActiveCfg = Release|Win32
		{152CE948-F659-4206-A50A-1D2B9658EF96}.UnitTest|Mixed Platforms.ActiveCfg = Release|Win32
		{152CE948-F659-4206-A50A-1D2B9658EF96}.UnitTest|Mixed Platforms.Build.0 = Release|Win32
		{152CE948-F659-4206-A50A-1D2B9658EF96}.UnitTest|Win32.ActiveCfg = Release|Win32
		{152CE948-F659-4206-A50A-1D2B9658EF96}.UnitTest|Win32.Build.0 = Release|Win32
		{152CE948-F659-4206-A50A-1D2B9658EF96}.UnitTest|x64.ActiveCfg = Release|x64
		{152CE948-F659-4206-A50A-1D2B9658EF96}.UnitTest|x64.Build.0 = Release|x64
		{53609BB3-D874-465C-AF7B-DF626DB0D89B}.Debug_dll|Any CPU.ActiveCfg = Debug_dll|Win32
		{53609BB3-D874-465C-AF7B-DF626DB0D89B}.Debug_dll|Mixed Platforms.ActiveCfg = Debug_dll|Win32
		{53609BB3-D874-465C-AF7B-DF626DB0D89B}.Debug_dll|Mixed Platforms.Build.0 = Debug_dll|Win32
		{53609BB3-D874-465C-AF7B-DF626DB0D89B}.Debug_dll|Win32.ActiveCfg = Debug_dll|Win32
		{53609BB3-D874-465C-AF7B-DF626DB0D89B}.Debug_dll|Win32.Build.0 = Debug_dll|Win32
		{53609BB3-D874-465C-AF7B-DF626DB0D89B}.Debug_dll|x64.ActiveCfg = Debug_dll|Win32
		{53609BB3-D874-465C-AF7B-DF626DB0D89B}.Debug|Any CPU.ActiveCfg = Debug|Win32
		{53609BB3-D874-465C-AF7B-DF626DB0D89B}.Debug|Mixed Platforms.ActiveCfg = Debug|Win32
		{53609BB3-D874-465C-AF7B-DF626DB0D89B}.Debug|Mixed Platforms.Build.0 = Debug|Win32
		{53609BB3-D874-465C-AF7B-DF626DB0D89B}.Debug|Win32.ActiveCfg = Debug|Win32
		{53609BB3-D874-465C-AF7B-DF626DB0D89B}.Debug|Win32.Build.0 = Debug|Win32
		{53609BB3-D874-465C-AF7B-DF626DB0D89B}.Debug|x64.ActiveCfg = Debug|Win32
		{53609BB3-D874-465C-AF7B-DF626DB0D89B}.ICU Debug|Any CPU.ActiveCfg = Debug|Win32
		{53609BB3-D874-465C-AF7B-DF626DB0D89B}.ICU Debug|Mixed Platforms.ActiveCfg = Debug|Win32
		{53609BB3-D874-465C-AF7B-DF626DB0D89B}.ICU Debug|Mixed Platforms.Build.0 = Debug|Win32
		{53609BB3-D874-465C-AF7B-DF626DB0D89B}.ICU Debug|Win32.ActiveCfg = Debug|Win32
		{53609BB3-D874-465C-AF7B-DF626DB0D89B}.ICU Debug|Win32.Build.0 = Debug|Win32
		{53609BB3-D874-465C-AF7B-DF626DB0D89B}.ICU Debug|x64.ActiveCfg = Debug|Win32
		{53609BB3-D874-465C-AF7B-DF626DB0D89B}.ICU Release|Any CPU.ActiveCfg = Release|Win32
		{53609BB3-D874-465C-AF7B-DF626DB0D89B}.ICU Release|Mixed Platforms.ActiveCfg = Release|Win32
		{53609BB3-D874-465C-AF7B-DF626DB0D89B}.ICU Release|Mixed Platforms.Build.0 = Release|Win32
		{53609BB3-D874-465C-AF7B-DF626DB0D89B}.ICU Release|Win32.ActiveCfg = Release|Win32
		{53609BB3-D874-465C-AF7B-DF626DB0D89B}.ICU Release|Win32.Build.0 = Release|Win32
		{53609BB3-D874-465C-AF7B-DF626DB0D89B}.ICU Release|x64.ActiveCfg = Release|Win32
		{53609BB3-D874-465C-AF7B-DF626DB0D89B}.Release_dll|Any CPU.ActiveCfg = Release_dll|Win32
		{53609BB3-D874-465C-AF7B-DF626DB0D89B}.Release_dll|Mixed Platforms.ActiveCfg = Release_dll|Win32
		{53609BB3-D874-465C-AF7B-DF626DB0D89B}.Release_dll|Mixed Platforms.Build.0 = Release_dll|Win32
		{53609BB3-D874-465C-AF7B-DF626DB0D89B}.Release_dll|Win32.ActiveCfg = Release_dll|Win32
		{53609BB3-D874-465C-AF7B-DF626DB0D89B}.Release_dll|Win32.Build.0 = Release_dll|Win32
		{53609BB3-D874-465C-AF7B-DF626DB0D89B}.Release_dll|x64.ActiveCfg = Release_dll|Win32
		{53609BB3-D874-465C-AF7B-DF626DB0D89B}.Release|Any CPU.ActiveCfg = Release|Win32
		{53609BB3-D874-465C-AF7B-DF626DB0D89B}.Release|Mixed Platforms.ActiveCfg = Release|Win32
		{53609BB3-D874-465C-AF7B-DF626DB0D89B}.Release|Mixed Platforms.Build.0 = Release|Win32
		{53609BB3-D874-465C-AF7B-DF626DB0D89B}.Release|Win32.ActiveCfg = Release|Win32
		{53609BB3-D874-465C-AF7B-DF626DB0D89B}.Release|Win32.Build.0 = Release|Win32
		{53609BB3-D874-465C-AF7B-DF626DB0D89B}.Release|x64.ActiveCfg = Release|Win32
		{53609BB3-D874-465C-AF7B-DF626DB0D89B}.Static Debug|Any CPU.ActiveCfg = Debug|Win32
		{53609BB3-D874-465C-AF7B-DF626DB0D89B}.Static Debug|Mixed Platforms.ActiveCfg = Debug|Win32
		{53609BB3-D874-465C-AF7B-DF626DB0D89B}.Static Debug|Mixed Platforms.Build.0 = Debug|Win32
		{53609BB3-D874-465C-AF7B-DF626DB0D89B}.Static Debug|Win32.ActiveCfg = Debug|Win32
		{53609BB3-D874-465C-AF7B-DF626DB0D89B}.Static Debug|Win32.Build.0 = Debug|Win32
		{53609BB3-D874-465C-AF7B-DF626DB0D89B}.Static Debug|x64.ActiveCfg = Debug|Win32
		{53609BB3-D874-465C-AF7B-DF626DB0D89B}.Static Release|Any CPU.ActiveCfg = Release|Win32
		{53609BB3-D874-465C-AF7B-DF626DB0D89B}.Static Release|Mixed Platforms.ActiveCfg = Release|Win32
		{53609BB3-D874-465C-AF7B-DF626DB0D89B}.Static Release|Mixed Platforms.Build.0 = Release|Win32
		{53609BB3-D874-465C-AF7B-DF626DB0D89B}.Static Release|Win32.ActiveCfg = Release|Win32
		{53609BB3-D874-465C-AF7B-DF626DB0D89B}.Static Release|Win32.Build.0 = Release|Win32
		{53609BB3-D874-465C-AF7B-DF626DB0D89B}.Static Release|x64.ActiveCfg = Release|Win32
		{53609BB3-D874-465C-AF7B-DF626DB0D89B}.UnitTest|Any CPU.ActiveCfg = Release|Win32
		{53609BB3-D874-465C-AF7B-DF626DB0D89B}.UnitTest|Mixed Platforms.ActiveCfg = Release|Win32
		{53609BB3-D874-465C-AF7B-DF626DB0D89B}.UnitTest|Mixed Platforms.Build.0 = Release|Win32
		{53609BB3-D874-465C-AF7B-DF626DB0D89B}.UnitTest|Win32.ActiveCfg = Release|Win32
		{53609BB3-D874-465C-AF7B-DF626DB0D89B}.UnitTest|Win32.Build.0 = Release|Win32
		{53609BB3-D874-465C-AF7B-DF626DB0D89B}.UnitTest|x64.ActiveCfg = Release|Win32
	EndGlobalSection
	GlobalSection(SolutionProperties) = preSolution
		HideSolutionNode = FALSE
	EndGlobalSection
EndGlobal
